
Microsoft Visual Studio Solution File, Format Version 12.00
# Visual Studio 15
VisualStudioVersion = 15.0.27004.2006
MinimumVisualStudioVersion = 10.0.40219.1
Project("{9A19103F-16F7-4668-BE54-9A1E7A4F7556}") = "00_biblioteca", "..\00_biblioteca\00_biblioteca.csproj", "{3ADBAFC3-12BA-4974-BE0B-21FB68326857}"
EndProject
Project("{FAE04EC0-301F-11D3-BF4B-00C04F79EFBC}") = "01_Serializar_Deserializar_Xml_Json", "..\Serializar_Deserializar_Xml_Json\01_Serializar_Deserializar_Xml_Json.csproj", "{CF8A9AD0-0C25-4AED-A76E-2D44CC97D14D}"
EndProject
Project("{FAE04EC0-301F-11D3-BF4B-00C04F79EFBC}") = "02_Generics_VarDynamic_Nullable", "02_\02_Generics_VarDynamic_Nullable.csproj", "{08AE0CCC-C108-43C9-AD8F-42A52900DBDC}"
EndProject
Project("{FAE04EC0-301F-11D3-BF4B-00C04F79EFBC}") = "03_Linq_Lambda", "03_Linq_Lambda\03_Linq_Lambda.csproj", "{F235C564-7310-434E-A053-6897C8975E32}"
EndProject
Project("{FAE04EC0-301F-11D3-BF4B-00C04F79EFBC}") = "04_Delegate", "04_Delegate_Eventos\04_Delegate.csproj", "{3D4182E2-BDAF-4B72-B03A-6464A8A34EF4}"
EndProject
Project("{FAE04EC0-301F-11D3-BF4B-00C04F79EFBC}") = "05_Eventos", "05_Eventos\05_Eventos.csproj", "{12B0F673-3D9B-46DF-B1D0-5EB95454114C}"
EndProject
Project("{FAE04EC0-301F-11D3-BF4B-00C04F79EFBC}") = "06_Threads_Execucao_Em_Paralelo", "06_Threads_Execucao_Em_Paralelo\06_Threads_Execucao_Em_Paralelo.csproj", "{0B7AA4CE-293F-4282-B7CD-D032ACB403BF}"
EndProject
Global
	GlobalSection(SolutionConfigurationPlatforms) = preSolution
		Debug|Any CPU = Debug|Any CPU
		Release|Any CPU = Release|Any CPU
	EndGlobalSection
	GlobalSection(ProjectConfigurationPlatforms) = postSolution
		{3ADBAFC3-12BA-4974-BE0B-21FB68326857}.Debug|Any CPU.ActiveCfg = Debug|Any CPU
		{3ADBAFC3-12BA-4974-BE0B-21FB68326857}.Debug|Any CPU.Build.0 = Debug|Any CPU
		{3ADBAFC3-12BA-4974-BE0B-21FB68326857}.Release|Any CPU.ActiveCfg = Release|Any CPU
		{3ADBAFC3-12BA-4974-BE0B-21FB68326857}.Release|Any CPU.Build.0 = Release|Any CPU
		{CF8A9AD0-0C25-4AED-A76E-2D44CC97D14D}.Debug|Any CPU.ActiveCfg = Debug|Any CPU
		{CF8A9AD0-0C25-4AED-A76E-2D44CC97D14D}.Debug|Any CPU.Build.0 = Debug|Any CPU
		{CF8A9AD0-0C25-4AED-A76E-2D44CC97D14D}.Release|Any CPU.ActiveCfg = Release|Any CPU
		{CF8A9AD0-0C25-4AED-A76E-2D44CC97D14D}.Release|Any CPU.Build.0 = Release|Any CPU
		{08AE0CCC-C108-43C9-AD8F-42A52900DBDC}.Debug|Any CPU.ActiveCfg = Debug|Any CPU
		{08AE0CCC-C108-43C9-AD8F-42A52900DBDC}.Debug|Any CPU.Build.0 = Debug|Any CPU
		{08AE0CCC-C108-43C9-AD8F-42A52900DBDC}.Release|Any CPU.ActiveCfg = Release|Any CPU
		{08AE0CCC-C108-43C9-AD8F-42A52900DBDC}.Release|Any CPU.Build.0 = Release|Any CPU
		{F235C564-7310-434E-A053-6897C8975E32}.Debug|Any CPU.ActiveCfg = Debug|Any CPU
		{F235C564-7310-434E-A053-6897C8975E32}.Debug|Any CPU.Build.0 = Debug|Any CPU
		{F235C564-7310-434E-A053-6897C8975E32}.Release|Any CPU.ActiveCfg = Release|Any CPU
		{F235C564-7310-434E-A053-6897C8975E32}.Release|Any CPU.Build.0 = Release|Any CPU
		{3D4182E2-BDAF-4B72-B03A-6464A8A34EF4}.Debug|Any CPU.ActiveCfg = Debug|Any CPU
		{3D4182E2-BDAF-4B72-B03A-6464A8A34EF4}.Debug|Any CPU.Build.0 = Debug|Any CPU
		{3D4182E2-BDAF-4B72-B03A-6464A8A34EF4}.Release|Any CPU.ActiveCfg = Release|Any CPU
		{3D4182E2-BDAF-4B72-B03A-6464A8A34EF4}.Release|Any CPU.Build.0 = Release|Any CPU
		{12B0F673-3D9B-46DF-B1D0-5EB95454114C}.Debug|Any CPU.ActiveCfg = Debug|Any CPU
		{12B0F673-3D9B-46DF-B1D0-5EB95454114C}.Debug|Any CPU.Build.0 = Debug|Any CPU
		{12B0F673-3D9B-46DF-B1D0-5EB95454114C}.Release|Any CPU.ActiveCfg = Release|Any CPU
		{12B0F673-3D9B-46DF-B1D0-5EB95454114C}.Release|Any CPU.Build.0 = Release|Any CPU
		{0B7AA4CE-293F-4282-B7CD-D032ACB403BF}.Debug|Any CPU.ActiveCfg = Debug|Any CPU
		{0B7AA4CE-293F-4282-B7CD-D032ACB403BF}.Debug|Any CPU.Build.0 = Debug|Any CPU
		{0B7AA4CE-293F-4282-B7CD-D032ACB403BF}.Release|Any CPU.ActiveCfg = Release|Any CPU
		{0B7AA4CE-293F-4282-B7CD-D032ACB403BF}.Release|Any CPU.Build.0 = Release|Any CPU
	EndGlobalSection
	GlobalSection(SolutionProperties) = preSolution
		HideSolutionNode = FALSE
	EndGlobalSection
	GlobalSection(ExtensibilityGlobals) = postSolution
		SolutionGuid = {DD00F91A-F74C-455C-BD32-CC4BD543B3B2}
	EndGlobalSection
EndGlobal
